// !$*UTF8*$!
{
	archiveVersion = 1;
	classes = {
	};
	objectVersion = 46;
	objects = {

/* Begin PBXBuildFile section */
		CF27DF721C0343EB005C4D52 /* main.m in Sources */ = {isa = PBXBuildFile; fileRef = CF27DF711C0343EB005C4D52 /* main.m */; };
		CF27DF751C0343EB005C4D52 /* AppDelegate.m in Sources */ = {isa = PBXBuildFile; fileRef = CF27DF741C0343EB005C4D52 /* AppDelegate.m */; };
		CF27DF781C0343EB005C4D52 /* ViewController.m in Sources */ = {isa = PBXBuildFile; fileRef = CF27DF771C0343EB005C4D52 /* ViewController.m */; };
		CF27DF7B1C0343EB005C4D52 /* Main.storyboard in Resources */ = {isa = PBXBuildFile; fileRef = CF27DF791C0343EB005C4D52 /* Main.storyboard */; };
		CF27DF7D1C0343EB005C4D52 /* Images.xcassets in Resources */ = {isa = PBXBuildFile; fileRef = CF27DF7C1C0343EB005C4D52 /* Images.xcassets */; };
		CF27DF801C0343EB005C4D52 /* LaunchScreen.xib in Resources */ = {isa = PBXBuildFile; fileRef = CF27DF7E1C0343EB005C4D52 /* LaunchScreen.xib */; };
		CF27DF8C1C0343EB005C4D52 /* cadastroEmpresasTests.m in Sources */ = {isa = PBXBuildFile; fileRef = CF27DF8B1C0343EB005C4D52 /* cadastroEmpresasTests.m */; };
		CF27DFA11C0349E1005C4D52 /* Company.m in Sources */ = {isa = PBXBuildFile; fileRef = CF27DFA01C0349E1005C4D52 /* Company.m */; };
/* End PBXBuildFile section */

/* Begin PBXContainerItemProxy section */
		CF27DF861C0343EB005C4D52 /* PBXContainerItemProxy */ = {
			isa = PBXContainerItemProxy;
			containerPortal = CF27DF641C0343EB005C4D52 /* Project object */;
			proxyType = 1;
			remoteGlobalIDString = CF27DF6B1C0343EB005C4D52;
			remoteInfo = cadastroEmpresas;
		};
/* End PBXContainerItemProxy section */

/* Begin PBXFileReference section */
		CF27DF6C1C0343EB005C4D52 /* cadastroEmpresas.app */ = {isa = PBXFileReference; explicitFileType = wrapper.application; includeInIndex = 0; path = cadastroEmpresas.app; sourceTree = BUILT_PRODUCTS_DIR; };
		CF27DF701C0343EB005C4D52 /* Info.plist */ = {isa = PBXFileReference; lastKnownFileType = text.plist.xml; path = Info.plist; sourceTree = "<group>"; };
		CF27DF711C0343EB005C4D52 /* main.m */ = {isa = PBXFileReference; lastKnownFileType = sourcecode.c.objc; path = main.m; sourceTree = "<group>"; };
		CF27DF731C0343EB005C4D52 /* AppDelegate.h */ = {isa = PBXFileReference; lastKnownFileType = sourcecode.c.h; path = AppDelegate.h; sourceTree = "<group>"; };
		CF27DF741C0343EB005C4D52 /* AppDelegate.m */ = {isa = PBXFileReference; lastKnownFileType = sourcecode.c.objc; path = AppDelegate.m; sourceTree = "<group>"; };
		CF27DF761C0343EB005C4D52 /* ViewController.h */ = {isa = PBXFileReference; lastKnownFileType = sourcecode.c.h; path = ViewController.h; sourceTree = "<group>"; };
		CF27DF771C0343EB005C4D52 /* ViewController.m */ = {isa = PBXFileReference; lastKnownFileType = sourcecode.c.objc; path = ViewController.m; sourceTree = "<group>"; };
		CF27DF7A1C0343EB005C4D52 /* Base */ = {isa = PBXFileReference; lastKnownFileType = file.storyboard; name = Base; path = Base.lproj/Main.storyboard; sourceTree = "<group>"; };
		CF27DF7C1C0343EB005C4D52 /* Images.xcassets */ = {isa = PBXFileReference; lastKnownFileType = folder.assetcatalog; path = Images.xcassets; sourceTree = "<group>"; };
		CF27DF7F1C0343EB005C4D52 /* Base */ = {isa = PBXFileReference; lastKnownFileType = file.xib; name = Base; path = Base.lproj/LaunchScreen.xib; sourceTree = "<group>"; };
		CF27DF851C0343EB005C4D52 /* cadastroEmpresasTests.xctest */ = {isa = PBXFileReference; explicitFileType = wrapper.cfbundle; includeInIndex = 0; path = cadastroEmpresasTests.xctest; sourceTree = BUILT_PRODUCTS_DIR; };
		CF27DF8A1C0343EB005C4D52 /* Info.plist */ = {isa = PBXFileReference; lastKnownFileType = text.plist.xml; path = Info.plist; sourceTree = "<group>"; };
		CF27DF8B1C0343EB005C4D52 /* cadastroEmpresasTests.m */ = {isa = PBXFileReference; lastKnownFileType = sourcecode.c.objc; path = cadastroEmpresasTests.m; sourceTree = "<group>"; };
		CF27DF9F1C0349E1005C4D52 /* Company.h */ = {isa = PBXFileReference; fileEncoding = 4; lastKnownFileType = sourcecode.c.h; path = Company.h; sourceTree = "<group>"; };
		CF27DFA01C0349E1005C4D52 /* Company.m */ = {isa = PBXFileReference; fileEncoding = 4; lastKnownFileType = sourcecode.c.objc; path = Company.m; sourceTree = "<group>"; };
/* End PBXFileReference section */

/* Begin PBXFrameworksBuildPhase section */
		CF27DF691C0343EB005C4D52 /* Frameworks */ = {
			isa = PBXFrameworksBuildPhase;
			buildActionMask = 2147483647;
			files = (
			);
			runOnlyForDeploymentPostprocessing = 0;
		};
		CF27DF821C0343EB005C4D52 /* Frameworks */ = {
			isa = PBXFrameworksBuildPhase;
			buildActionMask = 2147483647;
			files = (
			);
			runOnlyForDeploymentPostprocessing = 0;
		};
/* End PBXFrameworksBuildPhase section */

/* Begin PBXGroup section */
		CF27DF631C0343EB005C4D52 = {
			isa = PBXGroup;
			children = (
				CF27DF6E1C0343EB005C4D52 /* cadastroEmpresas */,
				CF27DF881C0343EB005C4D52 /* cadastroEmpresasTests */,
				CF27DF6D1C0343EB005C4D52 /* Products */,
			);
			sourceTree = "<group>";
		};
		CF27DF6D1C0343EB005C4D52 /* Products */ = {
			isa = PBXGroup;
			children = (
				CF27DF6C1C0343EB005C4D52 /* cadastroEmpresas.app */,
				CF27DF851C0343EB005C4D52 /* cadastroEmpresasTests.xctest */,
			);
			name = Products;
			sourceTree = "<group>";
		};
		CF27DF6E1C0343EB005C4D52 /* cadastroEmpresas */ = {
			isa = PBXGroup;
			children = (
				CF27DF731C0343EB005C4D52 /* AppDelegate.h */,
				CF27DF741C0343EB005C4D52 /* AppDelegate.m */,
				CF27DF761C0343EB005C4D52 /* ViewController.h */,
				CF27DF9F1C0349E1005C4D52 /* Company.h */,
				CF27DFA01C0349E1005C4D52 /* Company.m */,
				CF27DF771C0343EB005C4D52 /* ViewController.m */,
				CF27DF791C0343EB005C4D52 /* Main.storyboard */,
				CF27DF7C1C0343EB005C4D52 /* Images.xcassets */,
				CF27DF7E1C0343EB005C4D52 /* LaunchScreen.xib */,
				CF27DF6F1C0343EB005C4D52 /* Supporting Files */,
			);
			path = cadastroEmpresas;
			sourceTree = "<group>";
		};
		CF27DF6F1C0343EB005C4D52 /* Supporting Files */ = {
			isa = PBXGroup;
			children = (
				CF27DF701C0343EB005C4D52 /* Info.plist */,
				CF27DF711C0343EB005C4D52 /* main.m */,
			);
			name = "Supporting Files";
			sourceTree = "<group>";
		};
		CF27DF881C0343EB005C4D52 /* cadastroEmpresasTests */ = {
			isa = PBXGroup;
			children = (
				CF27DF8B1C0343EB005C4D52 /* cadastroEmpresasTests.m */,
				CF27DF891C0343EB005C4D52 /* Supporting Files */,
			);
			path = cadastroEmpresasTests;
			sourceTree = "<group>";
		};
		CF27DF891C0343EB005C4D52 /* Supporting Files */ = {
			isa = PBXGroup;
			children = (
				CF27DF8A1C0343EB005C4D52 /* Info.plist */,
			);
			name = "Supporting Files";
			sourceTree = "<group>";
		};
/* End PBXGroup section */

/* Begin PBXNativeTarget section */
		CF27DF6B1C0343EB005C4D52 /* cadastroEmpresas */ = {
			isa = PBXNativeTarget;
			buildConfigurationList = CF27DF8F1C0343EB005C4D52 /* Build configuration list for PBXNativeTarget "cadastroEmpresas" */;
			buildPhases = (
				CF27DF681C0343EB005C4D52 /* Sources */,
				CF27DF691C0343EB005C4D52 /* Frameworks */,
				CF27DF6A1C0343EB005C4D52 /* Resources */,
			);
			buildRules = (
			);
			dependencies = (
			);
			name = cadastroEmpresas;
			productName = cadastroEmpresas;
			productReference = CF27DF6C1C0343EB005C4D52 /* cadastroEmpresas.app */;
			productType = "com.apple.product-type.application";
		};
		CF27DF841C0343EB005C4D52 /* cadastroEmpresasTests */ = {
			isa = PBXNativeTarget;
			buildConfigurationList = CF27DF921C0343EB005C4D52 /* Build configuration list for PBXNativeTarget "cadastroEmpresasTests" */;
			buildPhases = (
				CF27DF811C0343EB005C4D52 /* Sources */,
				CF27DF821C0343EB005C4D52 /* Frameworks */,
				CF27DF831C0343EB005C4D52 /* Resources */,
			);
			buildRules = (
			);
			dependencies = (
				CF27DF871C0343EB005C4D52 /* PBXTargetDependency */,
			);
			name = cadastroEmpresasTests;
			productName = cadastroEmpresasTests;
			productReference = CF27DF851C0343EB005C4D52 /* cadastroEmpresasTests.xctest */;
			productType = "com.apple.product-type.bundle.unit-test";
		};
/* End PBXNativeTarget section */

/* Begin PBXProject section */
		CF27DF641C0343EB005C4D52 /* Project object */ = {
			isa = PBXProject;
			attributes = {
				LastUpgradeCheck = 0640;
				ORGANIZATIONNAME = 99ballons;
				TargetAttributes = {
					CF27DF6B1C0343EB005C4D52 = {
						CreatedOnToolsVersion = 6.4;
					};
					CF27DF841C0343EB005C4D52 = {
						CreatedOnToolsVersion = 6.4;
						TestTargetID = CF27DF6B1C0343EB005C4D52;
					};
				};
			};
			buildConfigurationList = CF27DF671C0343EB005C4D52 /* Build configuration list for PBXProject "cadastroEmpresas" */;
			compatibilityVersion = "Xcode 3.2";
			developmentRegion = English;
			hasScannedForEncodings = 0;
			knownRegions = (
				en,
				Base,
			);
			mainGroup = CF27DF631C0343EB005C4D52;
			productRefGroup = CF27DF6D1C0343EB005C4D52 /* Products */;
			projectDirPath = "";
			projectRoot = "";
			targets = (
				CF27DF6B1C0343EB005C4D52 /* cadastroEmpresas */,
				CF27DF841C0343EB005C4D52 /* cadastroEmpresasTests */,
			);
		};
/* End PBXProject section */

/* Begin PBXResourcesBuildPhase section */
		CF27DF6A1C0343EB005C4D52 /* Resources */ = {
			isa = PBXResourcesBuildPhase;
			buildActionMask = 2147483647;
			files = (
				CF27DF7B1C0343EB005C4D52 /* Main.storyboard in Resources */,
				CF27DF801C0343EB005C4D52 /* LaunchScreen.xib in Resources */,
				CF27DF7D1C0343EB005C4D52 /* Images.xcassets in Resources */,
			);
			runOnlyForDeploymentPostprocessing = 0;
		};
		CF27DF831C0343EB005C4D52 /* Resources */ = {
			isa = PBXResourcesBuildPhase;
			buildActionMask = 2147483647;
			files = (
			);
			runOnlyForDeploymentPostprocessing = 0;
		};
/* End PBXResourcesBuildPhase section */

/* Begin PBXSourcesBuildPhase section */
		CF27DF681C0343EB005C4D52 /* Sources */ = {
			isa = PBXSourcesBuildPhase;
			buildActionMask = 2147483647;
			files = (
				CF27DF781C0343EB005C4D52 /* ViewController.m in Sources */,
				CF27DF751C0343EB005C4D52 /* AppDelegate.m in Sources */,
				CF27DF721C0343EB005C4D52 /* main.m in Sources */,
				CF27DFA11C0349E1005C4D52 /* Company.m in Sources */,
			);
			runOnlyForDeploymentPostprocessing = 0;
		};
		CF27DF811C0343EB005C4D52 /* Sources */ = {
			isa = PBXSourcesBuildPhase;
			buildActionMask = 2147483647;
			files = (
				CF27DF8C1C0343EB005C4D52 /* cadastroEmpresasTests.m in Sources */,
			);
			runOnlyForDeploymentPostprocessing = 0;
		};
/* End PBXSourcesBuildPhase section */

/* Begin PBXTargetDependency section */
		CF27DF871C0343EB005C4D52 /* PBXTargetDependency */ = {
			isa = PBXTargetDependency;
			target = CF27DF6B1C0343EB005C4D52 /* cadastroEmpresas */;
			targetProxy = CF27DF861C0343EB005C4D52 /* PBXContainerItemProxy */;
		};
/* End PBXTargetDependency section */

/* Begin PBXVariantGroup section */
		CF27DF791C0343EB005C4D52 /* Main.storyboard */ = {
			isa = PBXVariantGroup;
			children = (
				CF27DF7A1C0343EB005C4D52 /* Base */,
			);
			name = Main.storyboard;
			sourceTree = "<group>";
		};
		CF27DF7E1C0343EB005C4D52 /* LaunchScreen.xib */ = {
			isa = PBXVariantGroup;
			children = (
				CF27DF7F1C0343EB005C4D52 /* Base */,
			);
			name = LaunchScreen.xib;
			sourceTree = "<group>";
		};
/* End PBXVariantGroup section */

/* Begin XCBuildConfiguration section */
		CF27DF8D1C0343EB005C4D52 /* Debug */ = {
			isa = XCBuildConfiguration;
			buildSettings = {
				ALWAYS_SEARCH_USER_PATHS = NO;
				CLANG_CXX_LANGUAGE_STANDARD = "gnu++0x";
				CLANG_CXX_LIBRARY = "libc++";
				CLANG_ENABLE_MODULES = YES;
				CLANG_ENABLE_OBJC_ARC = YES;
				CLANG_WARN_BOOL_CONVERSION = YES;
				CLANG_WARN_CONSTANT_CONVERSION = YES;
				CLANG_WARN_DIRECT_OBJC_ISA_USAGE = YES_ERROR;
				CLANG_WARN_EMPTY_BODY = YES;
				CLANG_WARN_ENUM_CONVERSION = YES;
				CLANG_WARN_INT_CONVERSION = YES;
				CLANG_WARN_OBJC_ROOT_CLASS = YES_ERROR;
				CLANG_WARN_UNREACHABLE_CODE = YES;
				CLANG_WARN__DUPLICATE_METHOD_MATCH = YES;
				"CODE_SIGN_IDENTITY[sdk=iphoneos*]" = "iPhone Developer";
				COPY_PHASE_STRIP = NO;
				DEBUG_INFORMATION_FORMAT = "dwarf-with-dsym";
				ENABLE_STRICT_OBJC_MSGSEND = YES;
				GCC_C_LANGUAGE_STANDARD = gnu99;
				GCC_DYNAMIC_NO_PIC = NO;
				GCC_NO_COMMON_BLOCKS = YES;
				GCC_OPTIMIZATION_LEVEL = 0;
				GCC_PREPROCESSOR_DEFINITIONS = (
					"DEBUG=1",
					"$(inherited)",
				);
				GCC_SYMBOLS_PRIVATE_EXTERN = NO;
				GCC_WARN_64_TO_32_BIT_CONVERSION = YES;
				GCC_WARN_ABOUT_RETURN_TYPE = YES_ERROR;
				GCC_WARN_UNDECLARED_SELECTOR = YES;
				GCC_WARN_UNINITIALIZED_AUTOS = YES_AGGRESSIVE;
				GCC_WARN_UNUSED_FUNCTION = YES;
				GCC_WARN_UNUSED_VARIABLE = YES;
				IPHONEOS_DEPLOYMENT_TARGET = 8.4;
				MTL_ENABLE_DEBUG_INFO = YES;
				ONLY_ACTIVE_ARCH = YES;
				SDKROOT = iphoneos;
				TARGETED_DEVICE_FAMILY = "1,2";
			};
			name = Debug;
		};
		CF27DF8E1C0343EB005C4D52 /* Release */ = {
			isa = XCBuildConfiguration;
			buildSettings = {
				ALWAYS_SEARCH_USER_PATHS = NO;
				CLANG_CXX_LANGUAGE_STANDARD = "gnu++0x";
				CLANG_CXX_LIBRARY = "libc++";
				CLANG_ENABLE_MODULES = YES;
				CLANG_ENABLE_OBJC_ARC = YES;
				CLANG_WARN_BOOL_CONVERSION = YES;
				CLANG_WARN_CONSTANT_CONVERSION = YES;
				CLANG_WARN_DIRECT_OBJC_ISA_USAGE = YES_ERROR;
				CLANG_WARN_EMPTY_BODY = YES;
				CLANG_WARN_ENUM_CONVERSION = YES;
				CLANG_WARN_INT_CONVERSION = YES;
				CLANG_WARN_OBJC_ROOT_CLASS = YES_ERROR;
				CLANG_WARN_UNREACHABLE_CODE = YES;
				CLANG_WARN__DUPLICATE_METHOD_MATCH = YES;
				"CODE_SIGN_IDENTITY[sdk=iphoneos*]" = "iPhone Developer";
				COPY_PHASE_STRIP = NO;
				DEBUG_INFORMATION_FORMAT = "dwarf-with-dsym";
				ENABLE_NS_ASSERTIONS = NO;
				ENABLE_STRICT_OBJC_MSGSEND = YES;
				GCC_C_LANGUAGE_STANDARD = gnu99;
				GCC_NO_COMMON_BLOCKS = YES;
				GCC_WARN_64_TO_32_BIT_CONVERSION = YES;
				GCC_WARN_ABOUT_RETURN_TYPE = YES_ERROR;
				GCC_WARN_UNDECLARED_SELECTOR = YES;
				GCC_WARN_UNINITIALIZED_AUTOS = YES_AGGRESSIVE;
				GCC_WARN_UNUSED_FUNCTION = YES;
				GCC_WARN_UNUSED_VARIABLE = YES;
				IPHONEOS_DEPLOYMENT_TARGET = 8.4;
				MTL_ENABLE_DEBUG_INFO = NO;
				SDKROOT = iphoneos;
				TARGETED_DEVICE_FAMILY = "1,2";
				VALIDATE_PRODUCT = YES;
			};
			name = Release;
		};
		CF27DF901C0343EB005C4D52 /* Debug */ = {
			isa = XCBuildConfiguration;
			buildSettings = {
				ASSETCATALOG_COMPILER_APPICON_NAME = AppIcon;
				INFOPLIST_FILE = cadastroEmpresas/Info.plist;
				LD_RUNPATH_SEARCH_PATHS = "$(inherited) @executable_path/Frameworks";
				PRODUCT_NAME = "$(TARGET_NAME)";
			};
			name = Debug;
		};
		CF27DF911C0343EB005C4D52 /* Release */ = {
			isa = XCBuildConfiguration;
			buildSettings = {
				ASSETCATALOG_COMPILER_APPICON_NAME = AppIcon;
				INFOPLIST_FILE = cadastroEmpresas/Info.plist;
				LD_RUNPATH_SEARCH_PATHS = "$(inherited) @executable_path/Frameworks";
				PRODUCT_NAME = "$(TARGET_NAME)";
			};
			name = Release;
		};
		CF27DF931C0343EB005C4D52 /* Debug */ = {
			isa = XCBuildConfiguration;
			buildSettings = {
				BUNDLE_LOADER = "$(TEST_HOST)";
				FRAMEWORK_SEARCH_PATHS = (
					"$(SDKROOT)/Developer/Library/Frameworks",
					"$(inherited)",
				);
				GCC_PREPROCESSOR_DEFINITIONS = (
					"DEBUG=1",
					"$(inherited)",
				);
				INFOPLIST_FILE = cadastroEmpresasTests/Info.plist;
				LD_RUNPATH_SEARCH_PATHS = "$(inherited) @executable_path/Frameworks @loader_path/Frameworks";
				PRODUCT_NAME = "$(TARGET_NAME)";
				TEST_HOST = "$(BUILT_PRODUCTS_DIR)/cadastroEmpresas.app/cadastroEmpresas";
			};
			name = Debug;
		};
		CF27DF941C0343EB005C4D52 /* Release */ = {
			isa = XCBuildConfiguration;
			buildSettings = {
				BUNDLE_LOADER = "$(TEST_HOST)";
				FRAMEWORK_SEARCH_PATHS = (
					"$(SDKROOT)/Developer/Library/Frameworks",
					"$(inherited)",
				);
				INFOPLIST_FILE = cadastroEmpresasTests/Info.plist;
				LD_RUNPATH_SEARCH_PATHS = "$(inherited) @executable_path/Frameworks @loader_path/Frameworks";
				PRODUCT_NAME = "$(TARGET_NAME)";
				TEST_HOST = "$(BUILT_PRODUCTS_DIR)/cadastroEmpresas.app/cadastroEmpresas";
			};
			name = Release;
		};
/* End XCBuildConfiguration section */

/* Begin XCConfigurationList section */
		CF27DF671C0343EB005C4D52 /* Build configuration list for PBXProject "cadastroEmpresas" */ = {
			isa = XCConfigurationList;
			buildConfigurations = (
				CF27DF8D1C0343EB005C4D52 /* Debug */,
				CF27DF8E1C0343EB005C4D52 /* Release */,
			);
			defaultConfigurationIsVisible = 0;
			defaultConfigurationName = Release;
		};
		CF27DF8F1C0343EB005C4D52 /* Build configuration list for PBXNativeTarget "cadastroEmpresas" */ = {
			isa = XCConfigurationList;
			buildConfigurations = (
				CF27DF901C0343EB005C4D52 /* Debug */,
				CF27DF911C0343EB005C4D52 /* Release */,
			);
			defaultConfigurationIsVisible = 0;
		};
		CF27DF921C0343EB005C4D52 /* Build configuration list for PBXNativeTarget "cadastroEmpresasTests" */ = {
			isa = XCConfigurationList;
			buildConfigurations = (
				CF27DF931C0343EB005C4D52 /* Debug */,
				CF27DF941C0343EB005C4D52 /* Release */,
			);
			defaultConfigurationIsVisible = 0;
		};
/* End XCConfigurationList section */
	};
	rootObject = CF27DF641C0343EB005C4D52 /* Project object */;
}
