// !$*UTF8*$!
{
	archiveVersion = 1;
	classes = {
	};
	objectVersion = 46;
	objects = {

/* Begin PBXBuildFile section */
		CF1BC36B1C0095CA0032D620 /* main.m in Sources */ = {isa = PBXBuildFile; fileRef = CF1BC36A1C0095CA0032D620 /* main.m */; };
		CF1BC36E1C0095CB0032D620 /* AppDelegate.m in Sources */ = {isa = PBXBuildFile; fileRef = CF1BC36D1C0095CB0032D620 /* AppDelegate.m */; };
		CF1BC3711C0095CB0032D620 /* ViewController.m in Sources */ = {isa = PBXBuildFile; fileRef = CF1BC3701C0095CB0032D620 /* ViewController.m */; };
		CF1BC3741C0095CB0032D620 /* Main.storyboard in Resources */ = {isa = PBXBuildFile; fileRef = CF1BC3721C0095CB0032D620 /* Main.storyboard */; };
		CF1BC3761C0095CB0032D620 /* Images.xcassets in Resources */ = {isa = PBXBuildFile; fileRef = CF1BC3751C0095CB0032D620 /* Images.xcassets */; };
		CF1BC3791C0095CB0032D620 /* LaunchScreen.xib in Resources */ = {isa = PBXBuildFile; fileRef = CF1BC3771C0095CB0032D620 /* LaunchScreen.xib */; };
		CF1BC3851C0095CB0032D620 /* HiWorldTests.m in Sources */ = {isa = PBXBuildFile; fileRef = CF1BC3841C0095CB0032D620 /* HiWorldTests.m */; };
/* End PBXBuildFile section */

/* Begin PBXContainerItemProxy section */
		CF1BC37F1C0095CB0032D620 /* PBXContainerItemProxy */ = {
			isa = PBXContainerItemProxy;
			containerPortal = CF1BC35D1C0095CA0032D620 /* Project object */;
			proxyType = 1;
			remoteGlobalIDString = CF1BC3641C0095CA0032D620;
			remoteInfo = HiWorld;
		};
/* End PBXContainerItemProxy section */

/* Begin PBXFileReference section */
		CF1BC3651C0095CA0032D620 /* HiWorld.app */ = {isa = PBXFileReference; explicitFileType = wrapper.application; includeInIndex = 0; path = HiWorld.app; sourceTree = BUILT_PRODUCTS_DIR; };
		CF1BC3691C0095CA0032D620 /* Info.plist */ = {isa = PBXFileReference; lastKnownFileType = text.plist.xml; path = Info.plist; sourceTree = "<group>"; };
		CF1BC36A1C0095CA0032D620 /* main.m */ = {isa = PBXFileReference; lastKnownFileType = sourcecode.c.objc; path = main.m; sourceTree = "<group>"; };
		CF1BC36C1C0095CA0032D620 /* AppDelegate.h */ = {isa = PBXFileReference; lastKnownFileType = sourcecode.c.h; path = AppDelegate.h; sourceTree = "<group>"; };
		CF1BC36D1C0095CB0032D620 /* AppDelegate.m */ = {isa = PBXFileReference; lastKnownFileType = sourcecode.c.objc; path = AppDelegate.m; sourceTree = "<group>"; };
		CF1BC36F1C0095CB0032D620 /* ViewController.h */ = {isa = PBXFileReference; lastKnownFileType = sourcecode.c.h; path = ViewController.h; sourceTree = "<group>"; };
		CF1BC3701C0095CB0032D620 /* ViewController.m */ = {isa = PBXFileReference; lastKnownFileType = sourcecode.c.objc; path = ViewController.m; sourceTree = "<group>"; };
		CF1BC3731C0095CB0032D620 /* Base */ = {isa = PBXFileReference; lastKnownFileType = file.storyboard; name = Base; path = Base.lproj/Main.storyboard; sourceTree = "<group>"; };
		CF1BC3751C0095CB0032D620 /* Images.xcassets */ = {isa = PBXFileReference; lastKnownFileType = folder.assetcatalog; path = Images.xcassets; sourceTree = "<group>"; };
		CF1BC3781C0095CB0032D620 /* Base */ = {isa = PBXFileReference; lastKnownFileType = file.xib; name = Base; path = Base.lproj/LaunchScreen.xib; sourceTree = "<group>"; };
		CF1BC37E1C0095CB0032D620 /* HiWorldTests.xctest */ = {isa = PBXFileReference; explicitFileType = wrapper.cfbundle; includeInIndex = 0; path = HiWorldTests.xctest; sourceTree = BUILT_PRODUCTS_DIR; };
		CF1BC3831C0095CB0032D620 /* Info.plist */ = {isa = PBXFileReference; lastKnownFileType = text.plist.xml; path = Info.plist; sourceTree = "<group>"; };
		CF1BC3841C0095CB0032D620 /* HiWorldTests.m */ = {isa = PBXFileReference; lastKnownFileType = sourcecode.c.objc; path = HiWorldTests.m; sourceTree = "<group>"; };
/* End PBXFileReference section */

/* Begin PBXFrameworksBuildPhase section */
		CF1BC3621C0095CA0032D620 /* Frameworks */ = {
			isa = PBXFrameworksBuildPhase;
			buildActionMask = 2147483647;
			files = (
			);
			runOnlyForDeploymentPostprocessing = 0;
		};
		CF1BC37B1C0095CB0032D620 /* Frameworks */ = {
			isa = PBXFrameworksBuildPhase;
			buildActionMask = 2147483647;
			files = (
			);
			runOnlyForDeploymentPostprocessing = 0;
		};
/* End PBXFrameworksBuildPhase section */

/* Begin PBXGroup section */
		CF1BC35C1C0095CA0032D620 = {
			isa = PBXGroup;
			children = (
				CF1BC3671C0095CA0032D620 /* HiWorld */,
				CF1BC3811C0095CB0032D620 /* HiWorldTests */,
				CF1BC3661C0095CA0032D620 /* Products */,
			);
			sourceTree = "<group>";
		};
		CF1BC3661C0095CA0032D620 /* Products */ = {
			isa = PBXGroup;
			children = (
				CF1BC3651C0095CA0032D620 /* HiWorld.app */,
				CF1BC37E1C0095CB0032D620 /* HiWorldTests.xctest */,
			);
			name = Products;
			sourceTree = "<group>";
		};
		CF1BC3671C0095CA0032D620 /* HiWorld */ = {
			isa = PBXGroup;
			children = (
				CF1BC36C1C0095CA0032D620 /* AppDelegate.h */,
				CF1BC36D1C0095CB0032D620 /* AppDelegate.m */,
				CF1BC36F1C0095CB0032D620 /* ViewController.h */,
				CF1BC3701C0095CB0032D620 /* ViewController.m */,
				CF1BC3721C0095CB0032D620 /* Main.storyboard */,
				CF1BC3751C0095CB0032D620 /* Images.xcassets */,
				CF1BC3771C0095CB0032D620 /* LaunchScreen.xib */,
				CF1BC3681C0095CA0032D620 /* Supporting Files */,
			);
			path = HiWorld;
			sourceTree = "<group>";
		};
		CF1BC3681C0095CA0032D620 /* Supporting Files */ = {
			isa = PBXGroup;
			children = (
				CF1BC3691C0095CA0032D620 /* Info.plist */,
				CF1BC36A1C0095CA0032D620 /* main.m */,
			);
			name = "Supporting Files";
			sourceTree = "<group>";
		};
		CF1BC3811C0095CB0032D620 /* HiWorldTests */ = {
			isa = PBXGroup;
			children = (
				CF1BC3841C0095CB0032D620 /* HiWorldTests.m */,
				CF1BC3821C0095CB0032D620 /* Supporting Files */,
			);
			path = HiWorldTests;
			sourceTree = "<group>";
		};
		CF1BC3821C0095CB0032D620 /* Supporting Files */ = {
			isa = PBXGroup;
			children = (
				CF1BC3831C0095CB0032D620 /* Info.plist */,
			);
			name = "Supporting Files";
			sourceTree = "<group>";
		};
/* End PBXGroup section */

/* Begin PBXNativeTarget section */
		CF1BC3641C0095CA0032D620 /* HiWorld */ = {
			isa = PBXNativeTarget;
			buildConfigurationList = CF1BC3881C0095CB0032D620 /* Build configuration list for PBXNativeTarget "HiWorld" */;
			buildPhases = (
				CF1BC3611C0095CA0032D620 /* Sources */,
				CF1BC3621C0095CA0032D620 /* Frameworks */,
				CF1BC3631C0095CA0032D620 /* Resources */,
			);
			buildRules = (
			);
			dependencies = (
			);
			name = HiWorld;
			productName = HiWorld;
			productReference = CF1BC3651C0095CA0032D620 /* HiWorld.app */;
			productType = "com.apple.product-type.application";
		};
		CF1BC37D1C0095CB0032D620 /* HiWorldTests */ = {
			isa = PBXNativeTarget;
			buildConfigurationList = CF1BC38B1C0095CB0032D620 /* Build configuration list for PBXNativeTarget "HiWorldTests" */;
			buildPhases = (
				CF1BC37A1C0095CB0032D620 /* Sources */,
				CF1BC37B1C0095CB0032D620 /* Frameworks */,
				CF1BC37C1C0095CB0032D620 /* Resources */,
			);
			buildRules = (
			);
			dependencies = (
				CF1BC3801C0095CB0032D620 /* PBXTargetDependency */,
			);
			name = HiWorldTests;
			productName = HiWorldTests;
			productReference = CF1BC37E1C0095CB0032D620 /* HiWorldTests.xctest */;
			productType = "com.apple.product-type.bundle.unit-test";
		};
/* End PBXNativeTarget section */

/* Begin PBXProject section */
		CF1BC35D1C0095CA0032D620 /* Project object */ = {
			isa = PBXProject;
			attributes = {
				LastUpgradeCheck = 0640;
				ORGANIZATIONNAME = 99ballons;
				TargetAttributes = {
					CF1BC3641C0095CA0032D620 = {
						CreatedOnToolsVersion = 6.4;
					};
					CF1BC37D1C0095CB0032D620 = {
						CreatedOnToolsVersion = 6.4;
						TestTargetID = CF1BC3641C0095CA0032D620;
					};
				};
			};
			buildConfigurationList = CF1BC3601C0095CA0032D620 /* Build configuration list for PBXProject "HiWorld" */;
			compatibilityVersion = "Xcode 3.2";
			developmentRegion = English;
			hasScannedForEncodings = 0;
			knownRegions = (
				en,
				Base,
			);
			mainGroup = CF1BC35C1C0095CA0032D620;
			productRefGroup = CF1BC3661C0095CA0032D620 /* Products */;
			projectDirPath = "";
			projectRoot = "";
			targets = (
				CF1BC3641C0095CA0032D620 /* HiWorld */,
				CF1BC37D1C0095CB0032D620 /* HiWorldTests */,
			);
		};
/* End PBXProject section */

/* Begin PBXResourcesBuildPhase section */
		CF1BC3631C0095CA0032D620 /* Resources */ = {
			isa = PBXResourcesBuildPhase;
			buildActionMask = 2147483647;
			files = (
				CF1BC3741C0095CB0032D620 /* Main.storyboard in Resources */,
				CF1BC3791C0095CB0032D620 /* LaunchScreen.xib in Resources */,
				CF1BC3761C0095CB0032D620 /* Images.xcassets in Resources */,
			);
			runOnlyForDeploymentPostprocessing = 0;
		};
		CF1BC37C1C0095CB0032D620 /* Resources */ = {
			isa = PBXResourcesBuildPhase;
			buildActionMask = 2147483647;
			files = (
			);
			runOnlyForDeploymentPostprocessing = 0;
		};
/* End PBXResourcesBuildPhase section */

/* Begin PBXSourcesBuildPhase section */
		CF1BC3611C0095CA0032D620 /* Sources */ = {
			isa = PBXSourcesBuildPhase;
			buildActionMask = 2147483647;
			files = (
				CF1BC3711C0095CB0032D620 /* ViewController.m in Sources */,
				CF1BC36E1C0095CB0032D620 /* AppDelegate.m in Sources */,
				CF1BC36B1C0095CA0032D620 /* main.m in Sources */,
			);
			runOnlyForDeploymentPostprocessing = 0;
		};
		CF1BC37A1C0095CB0032D620 /* Sources */ = {
			isa = PBXSourcesBuildPhase;
			buildActionMask = 2147483647;
			files = (
				CF1BC3851C0095CB0032D620 /* HiWorldTests.m in Sources */,
			);
			runOnlyForDeploymentPostprocessing = 0;
		};
/* End PBXSourcesBuildPhase section */

/* Begin PBXTargetDependency section */
		CF1BC3801C0095CB0032D620 /* PBXTargetDependency */ = {
			isa = PBXTargetDependency;
			target = CF1BC3641C0095CA0032D620 /* HiWorld */;
			targetProxy = CF1BC37F1C0095CB0032D620 /* PBXContainerItemProxy */;
		};
/* End PBXTargetDependency section */

/* Begin PBXVariantGroup section */
		CF1BC3721C0095CB0032D620 /* Main.storyboard */ = {
			isa = PBXVariantGroup;
			children = (
				CF1BC3731C0095CB0032D620 /* Base */,
			);
			name = Main.storyboard;
			sourceTree = "<group>";
		};
		CF1BC3771C0095CB0032D620 /* LaunchScreen.xib */ = {
			isa = PBXVariantGroup;
			children = (
				CF1BC3781C0095CB0032D620 /* Base */,
			);
			name = LaunchScreen.xib;
			sourceTree = "<group>";
		};
/* End PBXVariantGroup section */

/* Begin XCBuildConfiguration section */
		CF1BC3861C0095CB0032D620 /* Debug */ = {
			isa = XCBuildConfiguration;
			buildSettings = {
				ALWAYS_SEARCH_USER_PATHS = NO;
				CLANG_CXX_LANGUAGE_STANDARD = "gnu++0x";
				CLANG_CXX_LIBRARY = "libc++";
				CLANG_ENABLE_MODULES = YES;
				CLANG_ENABLE_OBJC_ARC = YES;
				CLANG_WARN_BOOL_CONVERSION = YES;
				CLANG_WARN_CONSTANT_CONVERSION = YES;
				CLANG_WARN_DIRECT_OBJC_ISA_USAGE = YES_ERROR;
				CLANG_WARN_EMPTY_BODY = YES;
				CLANG_WARN_ENUM_CONVERSION = YES;
				CLANG_WARN_INT_CONVERSION = YES;
				CLANG_WARN_OBJC_ROOT_CLASS = YES_ERROR;
				CLANG_WARN_UNREACHABLE_CODE = YES;
				CLANG_WARN__DUPLICATE_METHOD_MATCH = YES;
				"CODE_SIGN_IDENTITY[sdk=iphoneos*]" = "iPhone Developer";
				COPY_PHASE_STRIP = NO;
				DEBUG_INFORMATION_FORMAT = "dwarf-with-dsym";
				ENABLE_STRICT_OBJC_MSGSEND = YES;
				GCC_C_LANGUAGE_STANDARD = gnu99;
				GCC_DYNAMIC_NO_PIC = NO;
				GCC_NO_COMMON_BLOCKS = YES;
				GCC_OPTIMIZATION_LEVEL = 0;
				GCC_PREPROCESSOR_DEFINITIONS = (
					"DEBUG=1",
					"$(inherited)",
				);
				GCC_SYMBOLS_PRIVATE_EXTERN = NO;
				GCC_WARN_64_TO_32_BIT_CONVERSION = YES;
				GCC_WARN_ABOUT_RETURN_TYPE = YES_ERROR;
				GCC_WARN_UNDECLARED_SELECTOR = YES;
				GCC_WARN_UNINITIALIZED_AUTOS = YES_AGGRESSIVE;
				GCC_WARN_UNUSED_FUNCTION = YES;
				GCC_WARN_UNUSED_VARIABLE = YES;
				IPHONEOS_DEPLOYMENT_TARGET = 8.4;
				MTL_ENABLE_DEBUG_INFO = YES;
				ONLY_ACTIVE_ARCH = YES;
				SDKROOT = iphoneos;
				TARGETED_DEVICE_FAMILY = "1,2";
			};
			name = Debug;
		};
		CF1BC3871C0095CB0032D620 /* Release */ = {
			isa = XCBuildConfiguration;
			buildSettings = {
				ALWAYS_SEARCH_USER_PATHS = NO;
				CLANG_CXX_LANGUAGE_STANDARD = "gnu++0x";
				CLANG_CXX_LIBRARY = "libc++";
				CLANG_ENABLE_MODULES = YES;
				CLANG_ENABLE_OBJC_ARC = YES;
				CLANG_WARN_BOOL_CONVERSION = YES;
				CLANG_WARN_CONSTANT_CONVERSION = YES;
				CLANG_WARN_DIRECT_OBJC_ISA_USAGE = YES_ERROR;
				CLANG_WARN_EMPTY_BODY = YES;
				CLANG_WARN_ENUM_CONVERSION = YES;
				CLANG_WARN_INT_CONVERSION = YES;
				CLANG_WARN_OBJC_ROOT_CLASS = YES_ERROR;
				CLANG_WARN_UNREACHABLE_CODE = YES;
				CLANG_WARN__DUPLICATE_METHOD_MATCH = YES;
				"CODE_SIGN_IDENTITY[sdk=iphoneos*]" = "iPhone Developer";
				COPY_PHASE_STRIP = NO;
				DEBUG_INFORMATION_FORMAT = "dwarf-with-dsym";
				ENABLE_NS_ASSERTIONS = NO;
				ENABLE_STRICT_OBJC_MSGSEND = YES;
				GCC_C_LANGUAGE_STANDARD = gnu99;
				GCC_NO_COMMON_BLOCKS = YES;
				GCC_WARN_64_TO_32_BIT_CONVERSION = YES;
				GCC_WARN_ABOUT_RETURN_TYPE = YES_ERROR;
				GCC_WARN_UNDECLARED_SELECTOR = YES;
				GCC_WARN_UNINITIALIZED_AUTOS = YES_AGGRESSIVE;
				GCC_WARN_UNUSED_FUNCTION = YES;
				GCC_WARN_UNUSED_VARIABLE = YES;
				IPHONEOS_DEPLOYMENT_TARGET = 8.4;
				MTL_ENABLE_DEBUG_INFO = NO;
				SDKROOT = iphoneos;
				TARGETED_DEVICE_FAMILY = "1,2";
				VALIDATE_PRODUCT = YES;
			};
			name = Release;
		};
		CF1BC3891C0095CB0032D620 /* Debug */ = {
			isa = XCBuildConfiguration;
			buildSettings = {
				ASSETCATALOG_COMPILER_APPICON_NAME = AppIcon;
				INFOPLIST_FILE = HiWorld/Info.plist;
				LD_RUNPATH_SEARCH_PATHS = "$(inherited) @executable_path/Frameworks";
				PRODUCT_NAME = "$(TARGET_NAME)";
			};
			name = Debug;
		};
		CF1BC38A1C0095CB0032D620 /* Release */ = {
			isa = XCBuildConfiguration;
			buildSettings = {
				ASSETCATALOG_COMPILER_APPICON_NAME = AppIcon;
				INFOPLIST_FILE = HiWorld/Info.plist;
				LD_RUNPATH_SEARCH_PATHS = "$(inherited) @executable_path/Frameworks";
				PRODUCT_NAME = "$(TARGET_NAME)";
			};
			name = Release;
		};
		CF1BC38C1C0095CB0032D620 /* Debug */ = {
			isa = XCBuildConfiguration;
			buildSettings = {
				BUNDLE_LOADER = "$(TEST_HOST)";
				FRAMEWORK_SEARCH_PATHS = (
					"$(SDKROOT)/Developer/Library/Frameworks",
					"$(inherited)",
				);
				GCC_PREPROCESSOR_DEFINITIONS = (
					"DEBUG=1",
					"$(inherited)",
				);
				INFOPLIST_FILE = HiWorldTests/Info.plist;
				LD_RUNPATH_SEARCH_PATHS = "$(inherited) @executable_path/Frameworks @loader_path/Frameworks";
				PRODUCT_NAME = "$(TARGET_NAME)";
				TEST_HOST = "$(BUILT_PRODUCTS_DIR)/HiWorld.app/HiWorld";
			};
			name = Debug;
		};
		CF1BC38D1C0095CB0032D620 /* Release */ = {
			isa = XCBuildConfiguration;
			buildSettings = {
				BUNDLE_LOADER = "$(TEST_HOST)";
				FRAMEWORK_SEARCH_PATHS = (
					"$(SDKROOT)/Developer/Library/Frameworks",
					"$(inherited)",
				);
				INFOPLIST_FILE = HiWorldTests/Info.plist;
				LD_RUNPATH_SEARCH_PATHS = "$(inherited) @executable_path/Frameworks @loader_path/Frameworks";
				PRODUCT_NAME = "$(TARGET_NAME)";
				TEST_HOST = "$(BUILT_PRODUCTS_DIR)/HiWorld.app/HiWorld";
			};
			name = Release;
		};
/* End XCBuildConfiguration section */

/* Begin XCConfigurationList section */
		CF1BC3601C0095CA0032D620 /* Build configuration list for PBXProject "HiWorld" */ = {
			isa = XCConfigurationList;
			buildConfigurations = (
				CF1BC3861C0095CB0032D620 /* Debug */,
				CF1BC3871C0095CB0032D620 /* Release */,
			);
			defaultConfigurationIsVisible = 0;
			defaultConfigurationName = Release;
		};
		CF1BC3881C0095CB0032D620 /* Build configuration list for PBXNativeTarget "HiWorld" */ = {
			isa = XCConfigurationList;
			buildConfigurations = (
				CF1BC3891C0095CB0032D620 /* Debug */,
				CF1BC38A1C0095CB0032D620 /* Release */,
			);
			defaultConfigurationIsVisible = 0;
		};
		CF1BC38B1C0095CB0032D620 /* Build configuration list for PBXNativeTarget "HiWorldTests" */ = {
			isa = XCConfigurationList;
			buildConfigurations = (
				CF1BC38C1C0095CB0032D620 /* Debug */,
				CF1BC38D1C0095CB0032D620 /* Release */,
			);
			defaultConfigurationIsVisible = 0;
		};
/* End XCConfigurationList section */
	};
	rootObject = CF1BC35D1C0095CA0032D620 /* Project object */;
}
